
Microsoft Visual Studio Solution File, Format Version 12.00
# Visual Studio 15
VisualStudioVersion = 15.0.28307.539
MinimumVisualStudioVersion = 10.0.40219.1
Project("{8BC9CEB8-8B4A-11D0-8D11-00A0C91BC942}") = "SobelImageProcessing", "SobelImageProcessing\SobelImageProcessing.vcxproj", "{BD7CD453-7667-44C3-9882-FFC73D240C59}"
EndProject
Global
	GlobalSection(SolutionConfigurationPlatforms) = preSolution
		Debug|x64 = Debug|x64
		Release|x64 = Release|x64
	EndGlobalSection
	GlobalSection(ProjectConfigurationPlatforms) = postSolution
		{BD7CD453-7667-44C3-9882-FFC73D240C59}.Debug|x64.ActiveCfg = Debug|x64
		{BD7CD453-7667-44C3-9882-FFC73D240C59}.Debug|x64.Build.0 = Debug|x64
		{BD7CD453-7667-44C3-9882-FFC73D240C59}.Release|x64.ActiveCfg = Release|x64
		{BD7CD453-7667-44C3-9882-FFC73D240C59}.Release|x64.Build.0 = Release|x64
	EndGlobalSection
	GlobalSection(SolutionProperties) = preSolution
		HideSolutionNode = FALSE
	EndGlobalSection
	GlobalSection(ExtensibilityGlobals) = postSolution
		SolutionGuid = {A50263EF-16BA-4744-B633-3F62F0ECE666}
	EndGlobalSection
EndGlobal
